// !$*UTF8*$!
{
	archiveVersion = 1;
	classes = {
	};
	objectVersion = 46;
	objects = {

/* Begin PBXBuildFile section */
		202303FF96DEFC44FD4F08EC /* Pods_Search3D.framework in Frameworks */ = {isa = PBXBuildFile; fileRef = B58AA8FB103438061B6FAC7A /* Pods_Search3D.framework */; };
		C64F1AFC1F314EE000C537B7 /* SearchFormViewController.swift in Sources */ = {isa = PBXBuildFile; fileRef = C64F1AFB1F314EE000C537B7 /* SearchFormViewController.swift */; };
		C64F1AFE1F31501700C537B7 /* UserLevelDetailsViewController.swift in Sources */ = {isa = PBXBuildFile; fileRef = C64F1AFD1F31501700C537B7 /* UserLevelDetailsViewController.swift */; };
		C64F1B001F31503600C537B7 /* DimensionsDetailsViewController.swift in Sources */ = {isa = PBXBuildFile; fileRef = C64F1AFF1F31503600C537B7 /* DimensionsDetailsViewController.swift */; };
		C64F1B021F31504B00C537B7 /* MaterialDetailsViewController.swift in Sources */ = {isa = PBXBuildFile; fileRef = C64F1B011F31504B00C537B7 /* MaterialDetailsViewController.swift */; };
		C64F1B051F31620600C537B7 /* Colors.swift in Sources */ = {isa = PBXBuildFile; fileRef = C64F1B041F31620600C537B7 /* Colors.swift */; };
		C6D343C61F33E9210023C03D /* BetterTextField.swift in Sources */ = {isa = PBXBuildFile; fileRef = C6D343C51F33E9210023C03D /* BetterTextField.swift */; };
		C6D343C81F33F11E0023C03D /* BetterSlider.xib in Resources */ = {isa = PBXBuildFile; fileRef = C6D343C71F33F11E0023C03D /* BetterSlider.xib */; };
		C6D343CA1F33F2F20023C03D /* BetterSlider.swift in Sources */ = {isa = PBXBuildFile; fileRef = C6D343C91F33F2F20023C03D /* BetterSlider.swift */; };
		C6D343CC1F3609F50023C03D /* SearchViewModelProtocol.swift in Sources */ = {isa = PBXBuildFile; fileRef = C6D343CB1F3609F50023C03D /* SearchViewModelProtocol.swift */; };
		C6D343CE1F360B5E0023C03D /* SearchViewModel.swift in Sources */ = {isa = PBXBuildFile; fileRef = C6D343CD1F360B5E0023C03D /* SearchViewModel.swift */; };
		C6D343D01F3F572D0023C03D /* SearchResultsViewController.swift in Sources */ = {isa = PBXBuildFile; fileRef = C6D343CF1F3F572D0023C03D /* SearchResultsViewController.swift */; };
		C6D343D21F3F58230023C03D /* PrinterResources.swift in Sources */ = {isa = PBXBuildFile; fileRef = C6D343D11F3F58230023C03D /* PrinterResources.swift */; };
		C6E8098E1F23C59500159334 /* AppDelegate.swift in Sources */ = {isa = PBXBuildFile; fileRef = C6E8098D1F23C59500159334 /* AppDelegate.swift */; };
		C6E809901F23C59500159334 /* SearchHistoryViewController.swift in Sources */ = {isa = PBXBuildFile; fileRef = C6E8098F1F23C59500159334 /* SearchHistoryViewController.swift */; };
		C6E809931F23C59500159334 /* Main.storyboard in Resources */ = {isa = PBXBuildFile; fileRef = C6E809911F23C59500159334 /* Main.storyboard */; };
		C6E809951F23C59500159334 /* Assets.xcassets in Resources */ = {isa = PBXBuildFile; fileRef = C6E809941F23C59500159334 /* Assets.xcassets */; };
		C6E809981F23C59500159334 /* LaunchScreen.storyboard in Resources */ = {isa = PBXBuildFile; fileRef = C6E809961F23C59500159334 /* LaunchScreen.storyboard */; };
		C6E809A01F23C84F00159334 /* GoogleService-Info.plist in Resources */ = {isa = PBXBuildFile; fileRef = C6E8099F1F23C84F00159334 /* GoogleService-Info.plist */; };
		C6E809A51F2951E600159334 /* SearchHistoryViewModel.swift in Sources */ = {isa = PBXBuildFile; fileRef = C6E809A41F2951E600159334 /* SearchHistoryViewModel.swift */; };
		C6E809A81F29542600159334 /* Printer.swift in Sources */ = {isa = PBXBuildFile; fileRef = C6E809A71F29542600159334 /* Printer.swift */; };
		C6E809AA1F29602100159334 /* SearchHistoryViewModelProtocol.swift in Sources */ = {isa = PBXBuildFile; fileRef = C6E809A91F29602100159334 /* SearchHistoryViewModelProtocol.swift */; };
		C6E809AC1F29647500159334 /* UserLevel.swift in Sources */ = {isa = PBXBuildFile; fileRef = C6E809AB1F29647500159334 /* UserLevel.swift */; };
/* End PBXBuildFile section */

/* Begin PBXFileReference section */
		40007CA6CCD0D054C8A5D7BC /* Pods-Search3D.release.xcconfig */ = {isa = PBXFileReference; includeInIndex = 1; lastKnownFileType = text.xcconfig; name = "Pods-Search3D.release.xcconfig"; path = "Pods/Target Support Files/Pods-Search3D/Pods-Search3D.release.xcconfig"; sourceTree = "<group>"; };
		B58AA8FB103438061B6FAC7A /* Pods_Search3D.framework */ = {isa = PBXFileReference; explicitFileType = wrapper.framework; includeInIndex = 0; path = Pods_Search3D.framework; sourceTree = BUILT_PRODUCTS_DIR; };
		B7BAAABF508D8EC0E41EE3BB /* Pods-Search3D.debug.xcconfig */ = {isa = PBXFileReference; includeInIndex = 1; lastKnownFileType = text.xcconfig; name = "Pods-Search3D.debug.xcconfig"; path = "Pods/Target Support Files/Pods-Search3D/Pods-Search3D.debug.xcconfig"; sourceTree = "<group>"; };
		C64F1AFB1F314EE000C537B7 /* SearchFormViewController.swift */ = {isa = PBXFileReference; fileEncoding = 4; lastKnownFileType = sourcecode.swift; path = SearchFormViewController.swift; sourceTree = "<group>"; };
		C64F1AFD1F31501700C537B7 /* UserLevelDetailsViewController.swift */ = {isa = PBXFileReference; fileEncoding = 4; lastKnownFileType = sourcecode.swift; path = UserLevelDetailsViewController.swift; sourceTree = "<group>"; };
		C64F1AFF1F31503600C537B7 /* DimensionsDetailsViewController.swift */ = {isa = PBXFileReference; fileEncoding = 4; lastKnownFileType = sourcecode.swift; path = DimensionsDetailsViewController.swift; sourceTree = "<group>"; };
		C64F1B011F31504B00C537B7 /* MaterialDetailsViewController.swift */ = {isa = PBXFileReference; fileEncoding = 4; lastKnownFileType = sourcecode.swift; path = MaterialDetailsViewController.swift; sourceTree = "<group>"; };
		C64F1B041F31620600C537B7 /* Colors.swift */ = {isa = PBXFileReference; fileEncoding = 4; lastKnownFileType = sourcecode.swift; path = Colors.swift; sourceTree = "<group>"; };
		C6D343C51F33E9210023C03D /* BetterTextField.swift */ = {isa = PBXFileReference; fileEncoding = 4; lastKnownFileType = sourcecode.swift; path = BetterTextField.swift; sourceTree = "<group>"; };
		C6D343C71F33F11E0023C03D /* BetterSlider.xib */ = {isa = PBXFileReference; fileEncoding = 4; lastKnownFileType = file.xib; path = BetterSlider.xib; sourceTree = "<group>"; };
		C6D343C91F33F2F20023C03D /* BetterSlider.swift */ = {isa = PBXFileReference; fileEncoding = 4; lastKnownFileType = sourcecode.swift; path = BetterSlider.swift; sourceTree = "<group>"; };
		C6D343CB1F3609F50023C03D /* SearchViewModelProtocol.swift */ = {isa = PBXFileReference; fileEncoding = 4; lastKnownFileType = sourcecode.swift; path = SearchViewModelProtocol.swift; sourceTree = "<group>"; };
		C6D343CD1F360B5E0023C03D /* SearchViewModel.swift */ = {isa = PBXFileReference; fileEncoding = 4; lastKnownFileType = sourcecode.swift; path = SearchViewModel.swift; sourceTree = "<group>"; };
		C6D343CF1F3F572D0023C03D /* SearchResultsViewController.swift */ = {isa = PBXFileReference; fileEncoding = 4; lastKnownFileType = sourcecode.swift; path = SearchResultsViewController.swift; sourceTree = "<group>"; };
		C6D343D11F3F58230023C03D /* PrinterResources.swift */ = {isa = PBXFileReference; fileEncoding = 4; lastKnownFileType = sourcecode.swift; path = PrinterResources.swift; sourceTree = "<group>"; };
		C6E8098A1F23C59500159334 /* Search3D.app */ = {isa = PBXFileReference; explicitFileType = wrapper.application; includeInIndex = 0; path = Search3D.app; sourceTree = BUILT_PRODUCTS_DIR; };
		C6E8098D1F23C59500159334 /* AppDelegate.swift */ = {isa = PBXFileReference; lastKnownFileType = sourcecode.swift; path = AppDelegate.swift; sourceTree = "<group>"; };
		C6E8098F1F23C59500159334 /* SearchHistoryViewController.swift */ = {isa = PBXFileReference; lastKnownFileType = sourcecode.swift; name = SearchHistoryViewController.swift; path = ../SearchHistoryViewController.swift; sourceTree = "<group>"; };
		C6E809921F23C59500159334 /* Base */ = {isa = PBXFileReference; lastKnownFileType = file.storyboard; name = Base; path = Base.lproj/Main.storyboard; sourceTree = "<group>"; };
		C6E809941F23C59500159334 /* Assets.xcassets */ = {isa = PBXFileReference; lastKnownFileType = folder.assetcatalog; path = Assets.xcassets; sourceTree = "<group>"; };
		C6E809971F23C59500159334 /* Base */ = {isa = PBXFileReference; lastKnownFileType = file.storyboard; name = Base; path = Base.lproj/LaunchScreen.storyboard; sourceTree = "<group>"; };
		C6E809991F23C59500159334 /* Info.plist */ = {isa = PBXFileReference; lastKnownFileType = text.plist.xml; path = Info.plist; sourceTree = "<group>"; };
		C6E8099F1F23C84F00159334 /* GoogleService-Info.plist */ = {isa = PBXFileReference; fileEncoding = 4; lastKnownFileType = text.plist.xml; name = "GoogleService-Info.plist"; path = "../GoogleService-Info.plist"; sourceTree = "<group>"; };
		C6E809A41F2951E600159334 /* SearchHistoryViewModel.swift */ = {isa = PBXFileReference; fileEncoding = 4; lastKnownFileType = sourcecode.swift; path = SearchHistoryViewModel.swift; sourceTree = "<group>"; };
		C6E809A71F29542600159334 /* Printer.swift */ = {isa = PBXFileReference; fileEncoding = 4; lastKnownFileType = sourcecode.swift; path = Printer.swift; sourceTree = "<group>"; };
		C6E809A91F29602100159334 /* SearchHistoryViewModelProtocol.swift */ = {isa = PBXFileReference; fileEncoding = 4; lastKnownFileType = sourcecode.swift; path = SearchHistoryViewModelProtocol.swift; sourceTree = "<group>"; };
		C6E809AB1F29647500159334 /* UserLevel.swift */ = {isa = PBXFileReference; fileEncoding = 4; lastKnownFileType = sourcecode.swift; path = UserLevel.swift; sourceTree = "<group>"; };
/* End PBXFileReference section */

/* Begin PBXFrameworksBuildPhase section */
		C6E809871F23C59500159334 /* Frameworks */ = {
			isa = PBXFrameworksBuildPhase;
			buildActionMask = 2147483647;
			files = (
				202303FF96DEFC44FD4F08EC /* Pods_Search3D.framework in Frameworks */,
			);
			runOnlyForDeploymentPostprocessing = 0;
		};
/* End PBXFrameworksBuildPhase section */

/* Begin PBXGroup section */
		50139A48955294D6B3D78FB3 /* Frameworks */ = {
			isa = PBXGroup;
			children = (
				B58AA8FB103438061B6FAC7A /* Pods_Search3D.framework */,
			);
			name = Frameworks;
			sourceTree = "<group>";
		};
		AAD29FA7258A560708489972 /* Pods */ = {
			isa = PBXGroup;
			children = (
				B7BAAABF508D8EC0E41EE3BB /* Pods-Search3D.debug.xcconfig */,
				40007CA6CCD0D054C8A5D7BC /* Pods-Search3D.release.xcconfig */,
			);
			name = Pods;
			sourceTree = "<group>";
		};
		C64F1B031F3161F900C537B7 /* Resources */ = {
			isa = PBXGroup;
			children = (
				C64F1B041F31620600C537B7 /* Colors.swift */,
				C6D343D11F3F58230023C03D /* PrinterResources.swift */,
			);
			path = Resources;
			sourceTree = "<group>";
		};
		C6E809811F23C59500159334 = {
			isa = PBXGroup;
			children = (
				C6E8098C1F23C59500159334 /* Search3D */,
				C6E8098B1F23C59500159334 /* Products */,
				AAD29FA7258A560708489972 /* Pods */,
				50139A48955294D6B3D78FB3 /* Frameworks */,
			);
			sourceTree = "<group>";
		};
		C6E8098B1F23C59500159334 /* Products */ = {
			isa = PBXGroup;
			children = (
				C6E8098A1F23C59500159334 /* Search3D.app */,
			);
			name = Products;
			sourceTree = "<group>";
		};
		C6E8098C1F23C59500159334 /* Search3D */ = {
			isa = PBXGroup;
			children = (
				C64F1B031F3161F900C537B7 /* Resources */,
				C6E809A61F2953FC00159334 /* Models */,
				C6E809A31F2951CF00159334 /* ViewModels */,
				C6E809A21F29509F00159334 /* Views */,
				C6E809A11F29508D00159334 /* ViewControllers */,
				C6E8099F1F23C84F00159334 /* GoogleService-Info.plist */,
				C6E8098D1F23C59500159334 /* AppDelegate.swift */,
				C6E809941F23C59500159334 /* Assets.xcassets */,
				C6E809991F23C59500159334 /* Info.plist */,
			);
			path = Search3D;
			sourceTree = "<group>";
		};
		C6E809A11F29508D00159334 /* ViewControllers */ = {
			isa = PBXGroup;
			children = (
				C6E8098F1F23C59500159334 /* SearchHistoryViewController.swift */,
				C64F1AFB1F314EE000C537B7 /* SearchFormViewController.swift */,
				C64F1AFD1F31501700C537B7 /* UserLevelDetailsViewController.swift */,
				C64F1AFF1F31503600C537B7 /* DimensionsDetailsViewController.swift */,
				C64F1B011F31504B00C537B7 /* MaterialDetailsViewController.swift */,
				C6D343CF1F3F572D0023C03D /* SearchResultsViewController.swift */,
			);
			path = ViewControllers;
			sourceTree = "<group>";
		};
		C6E809A21F29509F00159334 /* Views */ = {
			isa = PBXGroup;
			children = (
				C6D343C51F33E9210023C03D /* BetterTextField.swift */,
				C6E809961F23C59500159334 /* LaunchScreen.storyboard */,
				C6E809911F23C59500159334 /* Main.storyboard */,
				C6D343C71F33F11E0023C03D /* BetterSlider.xib */,
				C6D343C91F33F2F20023C03D /* BetterSlider.swift */,
			);
			path = Views;
			sourceTree = "<group>";
		};
		C6E809A31F2951CF00159334 /* ViewModels */ = {
			isa = PBXGroup;
			children = (
				C6E809A41F2951E600159334 /* SearchHistoryViewModel.swift */,
				C6E809A91F29602100159334 /* SearchHistoryViewModelProtocol.swift */,
				C6D343CB1F3609F50023C03D /* SearchViewModelProtocol.swift */,
				C6D343CD1F360B5E0023C03D /* SearchViewModel.swift */,
			);
			path = ViewModels;
			sourceTree = "<group>";
		};
		C6E809A61F2953FC00159334 /* Models */ = {
			isa = PBXGroup;
			children = (
				C6E809A71F29542600159334 /* Printer.swift */,
				C6E809AB1F29647500159334 /* UserLevel.swift */,
			);
			path = Models;
			sourceTree = "<group>";
		};
/* End PBXGroup section */

/* Begin PBXNativeTarget section */
		C6E809891F23C59500159334 /* Search3D */ = {
			isa = PBXNativeTarget;
			buildConfigurationList = C6E8099C1F23C59500159334 /* Build configuration list for PBXNativeTarget "Search3D" */;
			buildPhases = (
				F8EB39CF9B465B3D8CD9B03A /* [CP] Check Pods Manifest.lock */,
				C6E809861F23C59500159334 /* Sources */,
				C6E809871F23C59500159334 /* Frameworks */,
				C6E809881F23C59500159334 /* Resources */,
				5BACCD56F5235AEEEEA7524E /* [CP] Embed Pods Frameworks */,
				62E187347ACE244F99963CD4 /* [CP] Copy Pods Resources */,
			);
			buildRules = (
			);
			dependencies = (
			);
			name = Search3D;
			productName = Search3D;
			productReference = C6E8098A1F23C59500159334 /* Search3D.app */;
			productType = "com.apple.product-type.application";
		};
/* End PBXNativeTarget section */

/* Begin PBXProject section */
		C6E809821F23C59500159334 /* Project object */ = {
			isa = PBXProject;
			attributes = {
				LastSwiftUpdateCheck = 0830;
				LastUpgradeCheck = 0830;
				ORGANIZATIONNAME = "Gaurav Saraf";
				TargetAttributes = {
					C6E809891F23C59500159334 = {
						CreatedOnToolsVersion = 8.3.3;
						DevelopmentTeam = YBP3LRB395;
						ProvisioningStyle = Automatic;
					};
				};
			};
			buildConfigurationList = C6E809851F23C59500159334 /* Build configuration list for PBXProject "Search3D" */;
			compatibilityVersion = "Xcode 3.2";
			developmentRegion = English;
			hasScannedForEncodings = 0;
			knownRegions = (
				en,
				Base,
			);
			mainGroup = C6E809811F23C59500159334;
			productRefGroup = C6E8098B1F23C59500159334 /* Products */;
			projectDirPath = "";
			projectRoot = "";
			targets = (
				C6E809891F23C59500159334 /* Search3D */,
			);
		};
/* End PBXProject section */

/* Begin PBXResourcesBuildPhase section */
		C6E809881F23C59500159334 /* Resources */ = {
			isa = PBXResourcesBuildPhase;
			buildActionMask = 2147483647;
			files = (
				C6E809981F23C59500159334 /* LaunchScreen.storyboard in Resources */,
				C6E809A01F23C84F00159334 /* GoogleService-Info.plist in Resources */,
				C6E809951F23C59500159334 /* Assets.xcassets in Resources */,
				C6D343C81F33F11E0023C03D /* BetterSlider.xib in Resources */,
				C6E809931F23C59500159334 /* Main.storyboard in Resources */,
			);
			runOnlyForDeploymentPostprocessing = 0;
		};
/* End PBXResourcesBuildPhase section */

/* Begin PBXShellScriptBuildPhase section */
		5BACCD56F5235AEEEEA7524E /* [CP] Embed Pods Frameworks */ = {
			isa = PBXShellScriptBuildPhase;
			buildActionMask = 2147483647;
			files = (
			);
			inputPaths = (
				"${SRCROOT}/Pods/Target Support Files/Pods-Search3D/Pods-Search3D-frameworks.sh",
				"${BUILT_PRODUCTS_DIR}/CLTokenInputView/CLTokenInputView.framework",
				"${BUILT_PRODUCTS_DIR}/GoogleToolboxForMac/GoogleToolboxForMac.framework",
				"${BUILT_PRODUCTS_DIR}/Swinject/Swinject.framework",
				"${BUILT_PRODUCTS_DIR}/SwinjectStoryboard/SwinjectStoryboard.framework",
			);
			name = "[CP] Embed Pods Frameworks";
			outputPaths = (
				"${TARGET_BUILD_DIR}/${FRAMEWORKS_FOLDER_PATH}/CLTokenInputView.framework",
				"${TARGET_BUILD_DIR}/${FRAMEWORKS_FOLDER_PATH}/GoogleToolboxForMac.framework",
				"${TARGET_BUILD_DIR}/${FRAMEWORKS_FOLDER_PATH}/Swinject.framework",
				"${TARGET_BUILD_DIR}/${FRAMEWORKS_FOLDER_PATH}/SwinjectStoryboard.framework",
			);
			runOnlyForDeploymentPostprocessing = 0;
			shellPath = /bin/sh;
			shellScript = "\"${SRCROOT}/Pods/Target Support Files/Pods-Search3D/Pods-Search3D-frameworks.sh\"\n";
			showEnvVarsInLog = 0;
		};
		62E187347ACE244F99963CD4 /* [CP] Copy Pods Resources */ = {
			isa = PBXShellScriptBuildPhase;
			buildActionMask = 2147483647;
			files = (
			);
			inputPaths = (
			);
			name = "[CP] Copy Pods Resources";
			outputPaths = (
			);
			runOnlyForDeploymentPostprocessing = 0;
			shellPath = /bin/sh;
			shellScript = "\"${SRCROOT}/Pods/Target Support Files/Pods-Search3D/Pods-Search3D-resources.sh\"\n";
			showEnvVarsInLog = 0;
		};
		F8EB39CF9B465B3D8CD9B03A /* [CP] Check Pods Manifest.lock */ = {
			isa = PBXShellScriptBuildPhase;
			buildActionMask = 2147483647;
			files = (
			);
			inputPaths = (
				"${PODS_PODFILE_DIR_PATH}/Podfile.lock",
				"${PODS_ROOT}/Manifest.lock",
			);
			name = "[CP] Check Pods Manifest.lock";
			outputPaths = (
				"$(DERIVED_FILE_DIR)/Pods-Search3D-checkManifestLockResult.txt",
			);
			runOnlyForDeploymentPostprocessing = 0;
			shellPath = /bin/sh;
			shellScript = "diff \"${PODS_PODFILE_DIR_PATH}/Podfile.lock\" \"${PODS_ROOT}/Manifest.lock\" > /dev/null\nif [ $? != 0 ] ; then\n    # print error to STDERR\n    echo \"error: The sandbox is not in sync with the Podfile.lock. Run 'pod install' or update your CocoaPods installation.\" >&2\n    exit 1\nfi\n# This output is used by Xcode 'outputs' to avoid re-running this script phase.\necho \"SUCCESS\" > \"${SCRIPT_OUTPUT_FILE_0}\"\n";
			showEnvVarsInLog = 0;
		};
/* End PBXShellScriptBuildPhase section */

/* Begin PBXSourcesBuildPhase section */
		C6E809861F23C59500159334 /* Sources */ = {
			isa = PBXSourcesBuildPhase;
			buildActionMask = 2147483647;
			files = (
				C64F1B021F31504B00C537B7 /* MaterialDetailsViewController.swift in Sources */,
				C64F1B051F31620600C537B7 /* Colors.swift in Sources */,
				C6D343CC1F3609F50023C03D /* SearchViewModelProtocol.swift in Sources */,
				C6E809AA1F29602100159334 /* SearchHistoryViewModelProtocol.swift in Sources */,
				C6D343C61F33E9210023C03D /* BetterTextField.swift in Sources */,
				C6E809A81F29542600159334 /* Printer.swift in Sources */,
				C6D343CE1F360B5E0023C03D /* SearchViewModel.swift in Sources */,
				C6E809901F23C59500159334 /* SearchHistoryViewController.swift in Sources */,
				C64F1AFE1F31501700C537B7 /* UserLevelDetailsViewController.swift in Sources */,
				C6D343D01F3F572D0023C03D /* SearchResultsViewController.swift in Sources */,
				C64F1AFC1F314EE000C537B7 /* SearchFormViewController.swift in Sources */,
				C6D343D21F3F58230023C03D /* PrinterResources.swift in Sources */,
				C6E809AC1F29647500159334 /* UserLevel.swift in Sources */,
				C6E8098E1F23C59500159334 /* AppDelegate.swift in Sources */,
				C6E809A51F2951E600159334 /* SearchHistoryViewModel.swift in Sources */,
				C64F1B001F31503600C537B7 /* DimensionsDetailsViewController.swift in Sources */,
				C6D343CA1F33F2F20023C03D /* BetterSlider.swift in Sources */,
			);
			runOnlyForDeploymentPostprocessing = 0;
		};
/* End PBXSourcesBuildPhase section */

/* Begin PBXVariantGroup section */
		C6E809911F23C59500159334 /* Main.storyboard */ = {
			isa = PBXVariantGroup;
			children = (
				C6E809921F23C59500159334 /* Base */,
			);
			name = Main.storyboard;
			path = ..;
			sourceTree = "<group>";
		};
		C6E809961F23C59500159334 /* LaunchScreen.storyboard */ = {
			isa = PBXVariantGroup;
			children = (
				C6E809971F23C59500159334 /* Base */,
			);
			name = LaunchScreen.storyboard;
			path = ..;
			sourceTree = "<group>";
		};
/* End PBXVariantGroup section */

/* Begin XCBuildConfiguration section */
		C6E8099A1F23C59500159334 /* Debug */ = {
			isa = XCBuildConfiguration;
			buildSettings = {
				ALWAYS_SEARCH_USER_PATHS = NO;
				CLANG_ANALYZER_NONNULL = YES;
				CLANG_ANALYZER_NUMBER_OBJECT_CONVERSION = YES_AGGRESSIVE;
				CLANG_CXX_LANGUAGE_STANDARD = "gnu++0x";
				CLANG_CXX_LIBRARY = "libc++";
				CLANG_ENABLE_MODULES = YES;
				CLANG_ENABLE_OBJC_ARC = YES;
				CLANG_WARN_BOOL_CONVERSION = YES;
				CLANG_WARN_CONSTANT_CONVERSION = YES;
				CLANG_WARN_DIRECT_OBJC_ISA_USAGE = YES_ERROR;
				CLANG_WARN_DOCUMENTATION_COMMENTS = YES;
				CLANG_WARN_EMPTY_BODY = YES;
				CLANG_WARN_ENUM_CONVERSION = YES;
				CLANG_WARN_INFINITE_RECURSION = YES;
				CLANG_WARN_INT_CONVERSION = YES;
				CLANG_WARN_OBJC_ROOT_CLASS = YES_ERROR;
				CLANG_WARN_SUSPICIOUS_MOVE = YES;
				CLANG_WARN_UNREACHABLE_CODE = YES;
				CLANG_WARN__DUPLICATE_METHOD_MATCH = YES;
				"CODE_SIGN_IDENTITY[sdk=iphoneos*]" = "iPhone Developer";
				COPY_PHASE_STRIP = NO;
				DEBUG_INFORMATION_FORMAT = dwarf;
				ENABLE_STRICT_OBJC_MSGSEND = YES;
				ENABLE_TESTABILITY = YES;
				GCC_C_LANGUAGE_STANDARD = gnu99;
				GCC_DYNAMIC_NO_PIC = NO;
				GCC_NO_COMMON_BLOCKS = YES;
				GCC_OPTIMIZATION_LEVEL = 0;
				GCC_PREPROCESSOR_DEFINITIONS = (
					"DEBUG=1",
					"$(inherited)",
				);
				GCC_WARN_64_TO_32_BIT_CONVERSION = YES;
				GCC_WARN_ABOUT_RETURN_TYPE = YES_ERROR;
				GCC_WARN_UNDECLARED_SELECTOR = YES;
				GCC_WARN_UNINITIALIZED_AUTOS = YES_AGGRESSIVE;
				GCC_WARN_UNUSED_FUNCTION = YES;
				GCC_WARN_UNUSED_VARIABLE = YES;
				IPHONEOS_DEPLOYMENT_TARGET = 10.3;
				MTL_ENABLE_DEBUG_INFO = YES;
				ONLY_ACTIVE_ARCH = YES;
				SDKROOT = iphoneos;
				SWIFT_ACTIVE_COMPILATION_CONDITIONS = DEBUG;
				SWIFT_OPTIMIZATION_LEVEL = "-Onone";
			};
			name = Debug;
		};
		C6E8099B1F23C59500159334 /* Release */ = {
			isa = XCBuildConfiguration;
			buildSettings = {
				ALWAYS_SEARCH_USER_PATHS = NO;
				CLANG_ANALYZER_NONNULL = YES;
				CLANG_ANALYZER_NUMBER_OBJECT_CONVERSION = YES_AGGRESSIVE;
				CLANG_CXX_LANGUAGE_STANDARD = "gnu++0x";
				CLANG_CXX_LIBRARY = "libc++";
				CLANG_ENABLE_MODULES = YES;
				CLANG_ENABLE_OBJC_ARC = YES;
				CLANG_WARN_BOOL_CONVERSION = YES;
				CLANG_WARN_CONSTANT_CONVERSION = YES;
				CLANG_WARN_DIRECT_OBJC_ISA_USAGE = YES_ERROR;
				CLANG_WARN_DOCUMENTATION_COMMENTS = YES;
				CLANG_WARN_EMPTY_BODY = YES;
				CLANG_WARN_ENUM_CONVERSION = YES;
				CLANG_WARN_INFINITE_RECURSION = YES;
				CLANG_WARN_INT_CONVERSION = YES;
				CLANG_WARN_OBJC_ROOT_CLASS = YES_ERROR;
				CLANG_WARN_SUSPICIOUS_MOVE = YES;
				CLANG_WARN_UNREACHABLE_CODE = YES;
				CLANG_WARN__DUPLICATE_METHOD_MATCH = YES;
				"CODE_SIGN_IDENTITY[sdk=iphoneos*]" = "iPhone Developer";
				COPY_PHASE_STRIP = NO;
				DEBUG_INFORMATION_FORMAT = "dwarf-with-dsym";
				ENABLE_NS_ASSERTIONS = NO;
				ENABLE_STRICT_OBJC_MSGSEND = YES;
				GCC_C_LANGUAGE_STANDARD = gnu99;
				GCC_NO_COMMON_BLOCKS = YES;
				GCC_WARN_64_TO_32_BIT_CONVERSION = YES;
				GCC_WARN_ABOUT_RETURN_TYPE = YES_ERROR;
				GCC_WARN_UNDECLARED_SELECTOR = YES;
				GCC_WARN_UNINITIALIZED_AUTOS = YES_AGGRESSIVE;
				GCC_WARN_UNUSED_FUNCTION = YES;
				GCC_WARN_UNUSED_VARIABLE = YES;
				IPHONEOS_DEPLOYMENT_TARGET = 10.3;
				MTL_ENABLE_DEBUG_INFO = NO;
				SDKROOT = iphoneos;
				SWIFT_OPTIMIZATION_LEVEL = "-Owholemodule";
				VALIDATE_PRODUCT = YES;
			};
			name = Release;
		};
		C6E8099D1F23C59500159334 /* Debug */ = {
			isa = XCBuildConfiguration;
			baseConfigurationReference = B7BAAABF508D8EC0E41EE3BB /* Pods-Search3D.debug.xcconfig */;
			buildSettings = {
				ASSETCATALOG_COMPILER_APPICON_NAME = AppIcon;
				DEVELOPMENT_TEAM = YBP3LRB395;
				INFOPLIST_FILE = Search3D/Info.plist;
				LD_RUNPATH_SEARCH_PATHS = "$(inherited) @executable_path/Frameworks";
				PRODUCT_BUNDLE_IDENTIFIER = com.saraf.Search3D;
				PRODUCT_NAME = "$(TARGET_NAME)";
				SWIFT_VERSION = 3.0;
			};
			name = Debug;
		};
		C6E8099E1F23C59500159334 /* Release */ = {
			isa = XCBuildConfiguration;
			baseConfigurationReference = 40007CA6CCD0D054C8A5D7BC /* Pods-Search3D.release.xcconfig */;
			buildSettings = {
				ASSETCATALOG_COMPILER_APPICON_NAME = AppIcon;
				DEVELOPMENT_TEAM = YBP3LRB395;
				INFOPLIST_FILE = Search3D/Info.plist;
				LD_RUNPATH_SEARCH_PATHS = "$(inherited) @executable_path/Frameworks";
				PRODUCT_BUNDLE_IDENTIFIER = com.saraf.Search3D;
				PRODUCT_NAME = "$(TARGET_NAME)";
				SWIFT_VERSION = 3.0;
			};
			name = Release;
		};
/* End XCBuildConfiguration section */

/* Begin XCConfigurationList section */
		C6E809851F23C59500159334 /* Build configuration list for PBXProject "Search3D" */ = {
			isa = XCConfigurationList;
			buildConfigurations = (
				C6E8099A1F23C59500159334 /* Debug */,
				C6E8099B1F23C59500159334 /* Release */,
			);
			defaultConfigurationIsVisible = 0;
			defaultConfigurationName = Release;
		};
		C6E8099C1F23C59500159334 /* Build configuration list for PBXNativeTarget "Search3D" */ = {
			isa = XCConfigurationList;
			buildConfigurations = (
				C6E8099D1F23C59500159334 /* Debug */,
				C6E8099E1F23C59500159334 /* Release */,
			);
			defaultConfigurationIsVisible = 0;
			defaultConfigurationName = Release;
		};
/* End XCConfigurationList section */
	};
	rootObject = C6E809821F23C59500159334 /* Project object */;
}
